
Microsoft Visual Studio Solution File, Format Version 12.00
# Visual Studio 15
VisualStudioVersion = 15.0.28010.2003
MinimumVisualStudioVersion = 10.0.40219.1
Project("{2150E333-8FDC-42A3-9474-1A3956D46DE8}") = "src", "src", "{96A33F59-9574-4B4C-9D61-3E2A40E9961E}"
EndProject
Project("{FAE04EC0-301F-11D3-BF4B-00C04F79EFBC}") = "UnitTestTutorial.API", "UnitTestTutorial.API\UnitTestTutorial.API.csproj", "{9ACF46F8-F652-4593-A87F-A2AE28E158C5}"
EndProject
Project("{FAE04EC0-301F-11D3-BF4B-00C04F79EFBC}") = "UnitTestTutorial.WebUi", "UnitTestTutorial.WebUi\UnitTestTutorial.WebUi.csproj", "{123ECB9B-B2FD-4B0A-AD40-6D33DFAC66C8}"
EndProject
Project("{FAE04EC0-301F-11D3-BF4B-00C04F79EFBC}") = "UnitTestTutorial.Test", "UnitTestTutorial.Test\UnitTestTutorial.Test.csproj", "{0F334F79-F364-4FD7-B793-C8647AAAE195}"
EndProject
Global
	GlobalSection(SolutionConfigurationPlatforms) = preSolution
		Debug|Any CPU = Debug|Any CPU
		Release|Any CPU = Release|Any CPU
	EndGlobalSection
	GlobalSection(ProjectConfigurationPlatforms) = postSolution
		{9ACF46F8-F652-4593-A87F-A2AE28E158C5}.Debug|Any CPU.ActiveCfg = Debug|Any CPU
		{9ACF46F8-F652-4593-A87F-A2AE28E158C5}.Debug|Any CPU.Build.0 = Debug|Any CPU
		{9ACF46F8-F652-4593-A87F-A2AE28E158C5}.Release|Any CPU.ActiveCfg = Release|Any CPU
		{9ACF46F8-F652-4593-A87F-A2AE28E158C5}.Release|Any CPU.Build.0 = Release|Any CPU
		{123ECB9B-B2FD-4B0A-AD40-6D33DFAC66C8}.Debug|Any CPU.ActiveCfg = Debug|Any CPU
		{123ECB9B-B2FD-4B0A-AD40-6D33DFAC66C8}.Debug|Any CPU.Build.0 = Debug|Any CPU
		{123ECB9B-B2FD-4B0A-AD40-6D33DFAC66C8}.Release|Any CPU.ActiveCfg = Release|Any CPU
		{123ECB9B-B2FD-4B0A-AD40-6D33DFAC66C8}.Release|Any CPU.Build.0 = Release|Any CPU
		{0F334F79-F364-4FD7-B793-C8647AAAE195}.Debug|Any CPU.ActiveCfg = Debug|Any CPU
		{0F334F79-F364-4FD7-B793-C8647AAAE195}.Debug|Any CPU.Build.0 = Debug|Any CPU
		{0F334F79-F364-4FD7-B793-C8647AAAE195}.Release|Any CPU.ActiveCfg = Release|Any CPU
		{0F334F79-F364-4FD7-B793-C8647AAAE195}.Release|Any CPU.Build.0 = Release|Any CPU
	EndGlobalSection
	GlobalSection(SolutionProperties) = preSolution
		HideSolutionNode = FALSE
	EndGlobalSection
	GlobalSection(NestedProjects) = preSolution
		{9ACF46F8-F652-4593-A87F-A2AE28E158C5} = {96A33F59-9574-4B4C-9D61-3E2A40E9961E}
		{123ECB9B-B2FD-4B0A-AD40-6D33DFAC66C8} = {96A33F59-9574-4B4C-9D61-3E2A40E9961E}
		{0F334F79-F364-4FD7-B793-C8647AAAE195} = {96A33F59-9574-4B4C-9D61-3E2A40E9961E}
	EndGlobalSection
	GlobalSection(ExtensibilityGlobals) = postSolution
		SolutionGuid = {98879F82-1AB7-43C7-98ED-276270F4EAF5}
	EndGlobalSection
EndGlobal
